
Microsoft Visual Studio Solution File, Format Version 12.00
# Visual Studio Version 17
VisualStudioVersion = 17.9.34723.18
MinimumVisualStudioVersion = 10.0.40219.1
Project("{FAE04EC0-301F-11D3-BF4B-00C04F79EFBC}") = "Ejercicio_01", "Ejercicio_01.csproj", "{1EF4F4BA-1C93-4625-B423-FC3D24171C89}"
EndProject
Project("{2150E333-8FDC-42A3-9474-1A3956D46DE8}") = "Biblioteca", "Biblioteca", "{A29346C9-2EA9-4CAD-B52E-ED095354560F}"
EndProject
Project("{FAE04EC0-301F-11D3-BF4B-00C04F79EFBC}") = "Biblioteca", "biblioteca\Biblioteca\Biblioteca.csproj", "{DB25D1B9-E02D-4AFE-AE78-8F638258F346}"
EndProject
Global
	GlobalSection(SolutionConfigurationPlatforms) = preSolution
		Debug|Any CPU = Debug|Any CPU
		Release|Any CPU = Release|Any CPU
	EndGlobalSection
	GlobalSection(ProjectConfigurationPlatforms) = postSolution
		{1EF4F4BA-1C93-4625-B423-FC3D24171C89}.Debug|Any CPU.ActiveCfg = Debug|Any CPU
		{1EF4F4BA-1C93-4625-B423-FC3D24171C89}.Debug|Any CPU.Build.0 = Debug|Any CPU
		{1EF4F4BA-1C93-4625-B423-FC3D24171C89}.Release|Any CPU.ActiveCfg = Release|Any CPU
		{1EF4F4BA-1C93-4625-B423-FC3D24171C89}.Release|Any CPU.Build.0 = Release|Any CPU
		{DB25D1B9-E02D-4AFE-AE78-8F638258F346}.Debug|Any CPU.ActiveCfg = Debug|Any CPU
		{DB25D1B9-E02D-4AFE-AE78-8F638258F346}.Debug|Any CPU.Build.0 = Debug|Any CPU
		{DB25D1B9-E02D-4AFE-AE78-8F638258F346}.Release|Any CPU.ActiveCfg = Release|Any CPU
		{DB25D1B9-E02D-4AFE-AE78-8F638258F346}.Release|Any CPU.Build.0 = Release|Any CPU
	EndGlobalSection
	GlobalSection(SolutionProperties) = preSolution
		HideSolutionNode = FALSE
	EndGlobalSection
	GlobalSection(NestedProjects) = preSolution
		{DB25D1B9-E02D-4AFE-AE78-8F638258F346} = {A29346C9-2EA9-4CAD-B52E-ED095354560F}
	EndGlobalSection
	GlobalSection(ExtensibilityGlobals) = postSolution
		SolutionGuid = {E5578934-F177-457D-A16D-ABABFB7B810A}
	EndGlobalSection
EndGlobal
