
Microsoft Visual Studio Solution File, Format Version 12.00
# Visual Studio Version 17
VisualStudioVersion = 17.9.34723.18
MinimumVisualStudioVersion = 10.0.40219.1
Project("{9A19103F-16F7-4668-BE54-9A1E7A4F7556}") = "Ejercicio_02", "Ejercicio_02.csproj", "{F503B38D-1653-4493-95B2-F26FA33DC006}"
EndProject
Global
	GlobalSection(SolutionConfigurationPlatforms) = preSolution
		Debug|Any CPU = Debug|Any CPU
		Release|Any CPU = Release|Any CPU
	EndGlobalSection
	GlobalSection(ProjectConfigurationPlatforms) = postSolution
		{F503B38D-1653-4493-95B2-F26FA33DC006}.Debug|Any CPU.ActiveCfg = Debug|Any CPU
		{F503B38D-1653-4493-95B2-F26FA33DC006}.Debug|Any CPU.Build.0 = Debug|Any CPU
		{F503B38D-1653-4493-95B2-F26FA33DC006}.Release|Any CPU.ActiveCfg = Release|Any CPU
		{F503B38D-1653-4493-95B2-F26FA33DC006}.Release|Any CPU.Build.0 = Release|Any CPU
	EndGlobalSection
	GlobalSection(SolutionProperties) = preSolution
		HideSolutionNode = FALSE
	EndGlobalSection
	GlobalSection(ExtensibilityGlobals) = postSolution
		SolutionGuid = {8ABEF595-C5D4-4B3A-8472-E0E654606D42}
	EndGlobalSection
EndGlobal
