
Microsoft Visual Studio Solution File, Format Version 12.00
# Visual Studio Version 17
VisualStudioVersion = 17.9.34723.18
MinimumVisualStudioVersion = 10.0.40219.1
Project("{9A19103F-16F7-4668-BE54-9A1E7A4F7556}") = "Productos", "..\Productos\Productos.csproj", "{343AFE73-3A15-41D8-BE2B-32D32EB9E94F}"
EndProject
Project("{FAE04EC0-301F-11D3-BF4B-00C04F79EFBC}") = "Ej_04", "..\Ej_04\Ej_04.csproj", "{1B2411A4-A10E-4B38-A5E4-F038E93A0388}"
EndProject
Global
	GlobalSection(SolutionConfigurationPlatforms) = preSolution
		Debug|Any CPU = Debug|Any CPU
		Release|Any CPU = Release|Any CPU
	EndGlobalSection
	GlobalSection(ProjectConfigurationPlatforms) = postSolution
		{343AFE73-3A15-41D8-BE2B-32D32EB9E94F}.Debug|Any CPU.ActiveCfg = Debug|Any CPU
		{343AFE73-3A15-41D8-BE2B-32D32EB9E94F}.Debug|Any CPU.Build.0 = Debug|Any CPU
		{343AFE73-3A15-41D8-BE2B-32D32EB9E94F}.Release|Any CPU.ActiveCfg = Release|Any CPU
		{343AFE73-3A15-41D8-BE2B-32D32EB9E94F}.Release|Any CPU.Build.0 = Release|Any CPU
		{1B2411A4-A10E-4B38-A5E4-F038E93A0388}.Debug|Any CPU.ActiveCfg = Debug|Any CPU
		{1B2411A4-A10E-4B38-A5E4-F038E93A0388}.Debug|Any CPU.Build.0 = Debug|Any CPU
		{1B2411A4-A10E-4B38-A5E4-F038E93A0388}.Release|Any CPU.ActiveCfg = Release|Any CPU
		{1B2411A4-A10E-4B38-A5E4-F038E93A0388}.Release|Any CPU.Build.0 = Release|Any CPU
	EndGlobalSection
	GlobalSection(SolutionProperties) = preSolution
		HideSolutionNode = FALSE
	EndGlobalSection
	GlobalSection(ExtensibilityGlobals) = postSolution
		SolutionGuid = {06D4FA78-E1C7-4801-8933-B04FBAAE2F23}
	EndGlobalSection
EndGlobal
