
Microsoft Visual Studio Solution File, Format Version 12.00
# Visual Studio Version 17
VisualStudioVersion = 17.9.34723.18
MinimumVisualStudioVersion = 10.0.40219.1
Project("{9A19103F-16F7-4668-BE54-9A1E7A4F7556}") = "Ejercicio_01", "Ejercicio_01.csproj", "{43349741-835A-4099-AFD7-4DFC9D592DEE}"
EndProject
Project("{9A19103F-16F7-4668-BE54-9A1E7A4F7556}") = "Biblioteca", "..\Calculadora\Biblioteca.csproj", "{56E50F66-D16B-4906-A29E-0C869A7F8BC5}"
EndProject
Global
	GlobalSection(SolutionConfigurationPlatforms) = preSolution
		Debug|Any CPU = Debug|Any CPU
		Release|Any CPU = Release|Any CPU
	EndGlobalSection
	GlobalSection(ProjectConfigurationPlatforms) = postSolution
		{43349741-835A-4099-AFD7-4DFC9D592DEE}.Debug|Any CPU.ActiveCfg = Debug|Any CPU
		{43349741-835A-4099-AFD7-4DFC9D592DEE}.Debug|Any CPU.Build.0 = Debug|Any CPU
		{43349741-835A-4099-AFD7-4DFC9D592DEE}.Release|Any CPU.ActiveCfg = Release|Any CPU
		{43349741-835A-4099-AFD7-4DFC9D592DEE}.Release|Any CPU.Build.0 = Release|Any CPU
		{56E50F66-D16B-4906-A29E-0C869A7F8BC5}.Debug|Any CPU.ActiveCfg = Debug|Any CPU
		{56E50F66-D16B-4906-A29E-0C869A7F8BC5}.Debug|Any CPU.Build.0 = Debug|Any CPU
		{56E50F66-D16B-4906-A29E-0C869A7F8BC5}.Release|Any CPU.ActiveCfg = Release|Any CPU
		{56E50F66-D16B-4906-A29E-0C869A7F8BC5}.Release|Any CPU.Build.0 = Release|Any CPU
	EndGlobalSection
	GlobalSection(SolutionProperties) = preSolution
		HideSolutionNode = FALSE
	EndGlobalSection
	GlobalSection(ExtensibilityGlobals) = postSolution
		SolutionGuid = {0B6167B5-034D-4D04-9353-A7195617EFB8}
	EndGlobalSection
EndGlobal
