
Microsoft Visual Studio Solution File, Format Version 12.00
# Visual Studio Version 17
VisualStudioVersion = 17.9.34723.18
MinimumVisualStudioVersion = 10.0.40219.1
Project("{9A19103F-16F7-4668-BE54-9A1E7A4F7556}") = "Ejercicio_07", "Ejercicio_07.csproj", "{BA8956A9-2696-47DA-AB8F-F84D49BBEE2F}"
EndProject
Global
	GlobalSection(SolutionConfigurationPlatforms) = preSolution
		Debug|Any CPU = Debug|Any CPU
		Release|Any CPU = Release|Any CPU
	EndGlobalSection
	GlobalSection(ProjectConfigurationPlatforms) = postSolution
		{BA8956A9-2696-47DA-AB8F-F84D49BBEE2F}.Debug|Any CPU.ActiveCfg = Debug|Any CPU
		{BA8956A9-2696-47DA-AB8F-F84D49BBEE2F}.Debug|Any CPU.Build.0 = Debug|Any CPU
		{BA8956A9-2696-47DA-AB8F-F84D49BBEE2F}.Release|Any CPU.ActiveCfg = Release|Any CPU
		{BA8956A9-2696-47DA-AB8F-F84D49BBEE2F}.Release|Any CPU.Build.0 = Release|Any CPU
	EndGlobalSection
	GlobalSection(SolutionProperties) = preSolution
		HideSolutionNode = FALSE
	EndGlobalSection
	GlobalSection(ExtensibilityGlobals) = postSolution
		SolutionGuid = {943A29EA-6E36-4D4F-B4F3-6D7754D70467}
	EndGlobalSection
EndGlobal
