
Microsoft Visual Studio Solution File, Format Version 12.00
# Visual Studio Version 17
VisualStudioVersion = 17.9.34723.18
MinimumVisualStudioVersion = 10.0.40219.1
Project("{FAE04EC0-301F-11D3-BF4B-00C04F79EFBC}") = "Personas", "Personas.csproj", "{687E5F7B-D8BE-49E8-AC0C-6FB96314A858}"
EndProject
Global
	GlobalSection(SolutionConfigurationPlatforms) = preSolution
		Debug|Any CPU = Debug|Any CPU
		Release|Any CPU = Release|Any CPU
	EndGlobalSection
	GlobalSection(ProjectConfigurationPlatforms) = postSolution
		{687E5F7B-D8BE-49E8-AC0C-6FB96314A858}.Debug|Any CPU.ActiveCfg = Debug|Any CPU
		{687E5F7B-D8BE-49E8-AC0C-6FB96314A858}.Debug|Any CPU.Build.0 = Debug|Any CPU
		{687E5F7B-D8BE-49E8-AC0C-6FB96314A858}.Release|Any CPU.ActiveCfg = Release|Any CPU
		{687E5F7B-D8BE-49E8-AC0C-6FB96314A858}.Release|Any CPU.Build.0 = Release|Any CPU
	EndGlobalSection
	GlobalSection(SolutionProperties) = preSolution
		HideSolutionNode = FALSE
	EndGlobalSection
	GlobalSection(ExtensibilityGlobals) = postSolution
		SolutionGuid = {82AEFD8D-39CA-4327-9367-4EFA5E6D7EE8}
	EndGlobalSection
EndGlobal
