
Microsoft Visual Studio Solution File, Format Version 12.00
# Visual Studio Version 17
VisualStudioVersion = 17.9.34723.18
MinimumVisualStudioVersion = 10.0.40219.1
Project("{FAE04EC0-301F-11D3-BF4B-00C04F79EFBC}") = "Clientes", "..\Clientes\Clientes.csproj", "{26114DF6-81E3-4906-9520-62FDE2D5CF88}"
EndProject
Project("{FAE04EC0-301F-11D3-BF4B-00C04F79EFBC}") = "Ejercicio_02", "..\..\Clase17Hilos\Ejercicio_02\Ejercicio_02.csproj", "{C2629B43-B583-4F01-BA9F-81802DFE814F}"
EndProject
Global
	GlobalSection(SolutionConfigurationPlatforms) = preSolution
		Debug|Any CPU = Debug|Any CPU
		Release|Any CPU = Release|Any CPU
	EndGlobalSection
	GlobalSection(ProjectConfigurationPlatforms) = postSolution
		{26114DF6-81E3-4906-9520-62FDE2D5CF88}.Debug|Any CPU.ActiveCfg = Debug|Any CPU
		{26114DF6-81E3-4906-9520-62FDE2D5CF88}.Debug|Any CPU.Build.0 = Debug|Any CPU
		{26114DF6-81E3-4906-9520-62FDE2D5CF88}.Release|Any CPU.ActiveCfg = Release|Any CPU
		{26114DF6-81E3-4906-9520-62FDE2D5CF88}.Release|Any CPU.Build.0 = Release|Any CPU
		{C2629B43-B583-4F01-BA9F-81802DFE814F}.Debug|Any CPU.ActiveCfg = Debug|Any CPU
		{C2629B43-B583-4F01-BA9F-81802DFE814F}.Debug|Any CPU.Build.0 = Debug|Any CPU
		{C2629B43-B583-4F01-BA9F-81802DFE814F}.Release|Any CPU.ActiveCfg = Release|Any CPU
		{C2629B43-B583-4F01-BA9F-81802DFE814F}.Release|Any CPU.Build.0 = Release|Any CPU
	EndGlobalSection
	GlobalSection(SolutionProperties) = preSolution
		HideSolutionNode = FALSE
	EndGlobalSection
	GlobalSection(ExtensibilityGlobals) = postSolution
		SolutionGuid = {C799B398-15B9-43A8-A4DA-4C9014DBF520}
	EndGlobalSection
EndGlobal
